# This file is autogenerated, do not edit; changes may be undone by the next 'dep ensure'.


[[projects]]
  digest = "1:323ef1c999160d12fafa4074b5a5706511baf1cd91a935ae62494791c94abaf4"
  name = "github.com/atotto/clipboard"
  packages = ["."]
  pruneopts = "UT"
  revision = "579379fa8ff8a6d3fa979cec107f8f6d7f8fde90"
  version = "v0.1.2"

[solve-meta]
  analyzer-name = "dep"
  analyzer-version = 1
  input-imports = ["github.com/atotto/clipboard"]
  solver-name = "gps-cdcl"
  solver-version = 1
